
Microsoft Visual Studio Solution File, Format Version 12.00
# Visual Studio Version 17
VisualStudioVersion = 17.8.34525.116
MinimumVisualStudioVersion = 10.0.40219.1
Project("{9A19103F-16F7-4668-BE54-9A1E7A4F7556}") = "Task15", "Task15\Task15.csproj", "{AECB2C04-31B2-4897-A468-40963514CA31}"
EndProject
Global
	GlobalSection(SolutionConfigurationPlatforms) = preSolution
		Debug|Any CPU = Debug|Any CPU
		Release|Any CPU = Release|Any CPU
	EndGlobalSection
	GlobalSection(ProjectConfigurationPlatforms) = postSolution
		{AECB2C04-31B2-4897-A468-40963514CA31}.Debug|Any CPU.ActiveCfg = Debug|Any CPU
		{AECB2C04-31B2-4897-A468-40963514CA31}.Debug|Any CPU.Build.0 = Debug|Any CPU
		{AECB2C04-31B2-4897-A468-40963514CA31}.Release|Any CPU.ActiveCfg = Release|Any CPU
		{AECB2C04-31B2-4897-A468-40963514CA31}.Release|Any CPU.Build.0 = Release|Any CPU
	EndGlobalSection
	GlobalSection(SolutionProperties) = preSolution
		HideSolutionNode = FALSE
	EndGlobalSection
	GlobalSection(ExtensibilityGlobals) = postSolution
		SolutionGuid = {A816E68B-758F-47C3-819B-74CBD43D6BA0}
	EndGlobalSection
EndGlobal
